
Microsoft Visual Studio Solution File, Format Version 10.00
# Visual Studio 2008
Project("{8BC9CEB8-8B4A-11D0-8D11-00A0C91BC942}") = "learnfortest", "learnfortest\learnfortest.vcproj", "{C56B0BD9-BAC8-4BB5-9F6B-9383F655644C}"
EndProject
Global
	GlobalSection(SolutionConfigurationPlatforms) = preSolution
		Debug|Win32 = Debug|Win32
		Release|Win32 = Release|Win32
	EndGlobalSection
	GlobalSection(ProjectConfigurationPlatforms) = postSolution
		{C56B0BD9-BAC8-4BB5-9F6B-9383F655644C}.Debug|Win32.ActiveCfg = Debug|Win32
		{C56B0BD9-BAC8-4BB5-9F6B-9383F655644C}.Debug|Win32.Build.0 = Debug|Win32
		{C56B0BD9-BAC8-4BB5-9F6B-9383F655644C}.Release|Win32.ActiveCfg = Release|Win32
		{C56B0BD9-BAC8-4BB5-9F6B-9383F655644C}.Release|Win32.Build.0 = Release|Win32
	EndGlobalSection
	GlobalSection(SolutionProperties) = preSolution
		HideSolutionNode = FALSE
	EndGlobalSection
EndGlobal
