
Microsoft Visual Studio Solution File, Format Version 10.00
# Visual Studio 2008
Project("{8BC9CEB8-8B4A-11D0-8D11-00A0C91BC942}") = "RasDial", "RasDial.vcproj", "{6C4D8017-0C30-4AB3-A6BA-61D11845B68B}"
EndProject
Global
	GlobalSection(SolutionConfigurationPlatforms) = preSolution
		Debug|Win32 = Debug|Win32
		Release|Win32 = Release|Win32
	EndGlobalSection
	GlobalSection(ProjectConfigurationPlatforms) = postSolution
		{6C4D8017-0C30-4AB3-A6BA-61D11845B68B}.Debug|Win32.ActiveCfg = Debug|Win32
		{6C4D8017-0C30-4AB3-A6BA-61D11845B68B}.Debug|Win32.Build.0 = Debug|Win32
		{6C4D8017-0C30-4AB3-A6BA-61D11845B68B}.Release|Win32.ActiveCfg = Release|Win32
		{6C4D8017-0C30-4AB3-A6BA-61D11845B68B}.Release|Win32.Build.0 = Release|Win32
	EndGlobalSection
	GlobalSection(SolutionProperties) = preSolution
		HideSolutionNode = FALSE
	EndGlobalSection
EndGlobal
