
Microsoft Visual Studio Solution File, Format Version 10.00
# Visual Studio 2008
Project("{8BC9CEB8-8B4A-11D0-8D11-00A0C91BC942}") = "freedr", "freedr\freedr.vcproj", "{6F33C40A-A45C-414C-9DD9-06E6D4B7DEDC}"
EndProject
Global
	GlobalSection(SolutionConfigurationPlatforms) = preSolution
		Debug|Win32 = Debug|Win32
		Release|Win32 = Release|Win32
	EndGlobalSection
	GlobalSection(ProjectConfigurationPlatforms) = postSolution
		{6F33C40A-A45C-414C-9DD9-06E6D4B7DEDC}.Debug|Win32.ActiveCfg = Debug|Win32
		{6F33C40A-A45C-414C-9DD9-06E6D4B7DEDC}.Debug|Win32.Build.0 = Debug|Win32
		{6F33C40A-A45C-414C-9DD9-06E6D4B7DEDC}.Release|Win32.ActiveCfg = Release|Win32
		{6F33C40A-A45C-414C-9DD9-06E6D4B7DEDC}.Release|Win32.Build.0 = Release|Win32
	EndGlobalSection
	GlobalSection(SolutionProperties) = preSolution
		HideSolutionNode = FALSE
	EndGlobalSection
EndGlobal
