
Microsoft Visual Studio Solution File, Format Version 10.00
# Visual Studio 2008
Project("{8BC9CEB8-8B4A-11D0-8D11-00A0C91BC942}") = "TCPsrv", "TCPsrv\TCPsrv.vcproj", "{FE876AEA-07D2-4D35-BF11-BFFB321BCE72}"
EndProject
Project("{8BC9CEB8-8B4A-11D0-8D11-00A0C91BC942}") = "tcpClient", "..\tcpClient\tcpClient.vcproj", "{CD99F70A-ED0B-40B2-BE07-B8452FEA13DA}"
EndProject
Global
	GlobalSection(SolutionConfigurationPlatforms) = preSolution
		Debug|Win32 = Debug|Win32
		Release|Win32 = Release|Win32
	EndGlobalSection
	GlobalSection(ProjectConfigurationPlatforms) = postSolution
		{FE876AEA-07D2-4D35-BF11-BFFB321BCE72}.Debug|Win32.ActiveCfg = Debug|Win32
		{FE876AEA-07D2-4D35-BF11-BFFB321BCE72}.Debug|Win32.Build.0 = Debug|Win32
		{FE876AEA-07D2-4D35-BF11-BFFB321BCE72}.Release|Win32.ActiveCfg = Release|Win32
		{FE876AEA-07D2-4D35-BF11-BFFB321BCE72}.Release|Win32.Build.0 = Release|Win32
		{CD99F70A-ED0B-40B2-BE07-B8452FEA13DA}.Debug|Win32.ActiveCfg = Debug|Win32
		{CD99F70A-ED0B-40B2-BE07-B8452FEA13DA}.Debug|Win32.Build.0 = Debug|Win32
		{CD99F70A-ED0B-40B2-BE07-B8452FEA13DA}.Release|Win32.ActiveCfg = Release|Win32
		{CD99F70A-ED0B-40B2-BE07-B8452FEA13DA}.Release|Win32.Build.0 = Release|Win32
	EndGlobalSection
	GlobalSection(SolutionProperties) = preSolution
		HideSolutionNode = FALSE
	EndGlobalSection
EndGlobal
